// !$*UTF8*$!
{
	archiveVersion = 1;
	classes = {
	};
	objectVersion = 50;
	objects = {

/* Begin PBXBuildFile section */
		84B95B5727A43407004A72DA /* CourseSectionDetail.swift in Sources */ = {isa = PBXBuildFile; fileRef = 84B95B5627A43407004A72DA /* CourseSectionDetail.swift */; };
		84B95B5827A43407004A72DA /* CourseSectionDetail.swift in Sources */ = {isa = PBXBuildFile; fileRef = 84B95B5627A43407004A72DA /* CourseSectionDetail.swift */; };
		84C7B72A27A1ADC5002B6C5E /* VisualEffectBlur.swift in Sources */ = {isa = PBXBuildFile; fileRef = 84E4FDF927A1AACD00189EF6 /* VisualEffectBlur.swift */; };
		84C7B72C27A250FE002B6C5E /* TabBar.swift in Sources */ = {isa = PBXBuildFile; fileRef = 84C7B72B27A250FE002B6C5E /* TabBar.swift */; };
		84C7B72D27A250FF002B6C5E /* TabBar.swift in Sources */ = {isa = PBXBuildFile; fileRef = 84C7B72B27A250FE002B6C5E /* TabBar.swift */; };
		84E4A22F279DBD8600189EF6 /* iOS14_multi_platformApp.swift in Sources */ = {isa = PBXBuildFile; fileRef = 84E4A21C279DBD8300189EF6 /* iOS14_multi_platformApp.swift */; };
		84E4A230279DBD8600189EF6 /* iOS14_multi_platformApp.swift in Sources */ = {isa = PBXBuildFile; fileRef = 84E4A21C279DBD8300189EF6 /* iOS14_multi_platformApp.swift */; };
		84E4A231279DBD8600189EF6 /* ContentView.swift in Sources */ = {isa = PBXBuildFile; fileRef = 84E4A21D279DBD8300189EF6 /* ContentView.swift */; };
		84E4A232279DBD8600189EF6 /* ContentView.swift in Sources */ = {isa = PBXBuildFile; fileRef = 84E4A21D279DBD8300189EF6 /* ContentView.swift */; };
		84E4A233279DBD8600189EF6 /* Assets.xcassets in Resources */ = {isa = PBXBuildFile; fileRef = 84E4A21E279DBD8600189EF6 /* Assets.xcassets */; };
		84E4A234279DBD8600189EF6 /* Assets.xcassets in Resources */ = {isa = PBXBuildFile; fileRef = 84E4A21E279DBD8600189EF6 /* Assets.xcassets */; };
		84E4A23E279EE84A00189EF6 /* CourseRow.swift in Sources */ = {isa = PBXBuildFile; fileRef = 84E4A23D279EE84A00189EF6 /* CourseRow.swift */; };
		84E4A23F279EE84A00189EF6 /* CourseRow.swift in Sources */ = {isa = PBXBuildFile; fileRef = 84E4A23D279EE84A00189EF6 /* CourseRow.swift */; };
		84E4A241279EEA6500189EF6 /* CoursesView.swift in Sources */ = {isa = PBXBuildFile; fileRef = 84E4A240279EEA6500189EF6 /* CoursesView.swift */; };
		84E4A242279EEA6500189EF6 /* CoursesView.swift in Sources */ = {isa = PBXBuildFile; fileRef = 84E4A240279EEA6500189EF6 /* CoursesView.swift */; };
		84E4A244279EF1C300189EF6 /* Sidebar.swift in Sources */ = {isa = PBXBuildFile; fileRef = 84E4A243279EF1C300189EF6 /* Sidebar.swift */; };
		84E4A245279EF1C300189EF6 /* Sidebar.swift in Sources */ = {isa = PBXBuildFile; fileRef = 84E4A243279EF1C300189EF6 /* Sidebar.swift */; };
		84E4A24727A04D2500189EF6 /* CourseItem.swift in Sources */ = {isa = PBXBuildFile; fileRef = 84E4A24627A04D2400189EF6 /* CourseItem.swift */; };
		84E4A24827A04D2500189EF6 /* CourseItem.swift in Sources */ = {isa = PBXBuildFile; fileRef = 84E4A24627A04D2400189EF6 /* CourseItem.swift */; };
		84E4A24C27A04EA900189EF6 /* CourseList.swift in Sources */ = {isa = PBXBuildFile; fileRef = 84E4A24B27A04EA900189EF6 /* CourseList.swift */; };
		84E4A24D27A04EA900189EF6 /* CourseList.swift in Sources */ = {isa = PBXBuildFile; fileRef = 84E4A24B27A04EA900189EF6 /* CourseList.swift */; };
		84E4A24F27A057FC00189EF6 /* Course.swift in Sources */ = {isa = PBXBuildFile; fileRef = 84E4A24E27A057FC00189EF6 /* Course.swift */; };
		84E4A25027A057FC00189EF6 /* Course.swift in Sources */ = {isa = PBXBuildFile; fileRef = 84E4A24E27A057FC00189EF6 /* Course.swift */; };
		84E4A25327A1718E00189EF6 /* CloseButton.swift in Sources */ = {isa = PBXBuildFile; fileRef = 84E4A25227A1718E00189EF6 /* CloseButton.swift */; };
		84E4A25427A1718E00189EF6 /* CloseButton.swift in Sources */ = {isa = PBXBuildFile; fileRef = 84E4A25227A1718E00189EF6 /* CloseButton.swift */; };
		84E4A25627A19F8500189EF6 /* CourseDetail.swift in Sources */ = {isa = PBXBuildFile; fileRef = 84E4A25527A19F8500189EF6 /* CourseDetail.swift */; };
		84E4A25727A19F8500189EF6 /* CourseDetail.swift in Sources */ = {isa = PBXBuildFile; fileRef = 84E4A25527A19F8500189EF6 /* CourseDetail.swift */; };
		84E4A25F27A1A5C200189EF6 /* CourseSection.swift in Sources */ = {isa = PBXBuildFile; fileRef = 84E4A25827A1A5C200189EF6 /* CourseSection.swift */; };
		84E4A26027A1A5C200189EF6 /* CourseSection.swift in Sources */ = {isa = PBXBuildFile; fileRef = 84E4A25827A1A5C200189EF6 /* CourseSection.swift */; };
		84E4A26127A1A5C200189EF6 /* LivestreamSection.swift in Sources */ = {isa = PBXBuildFile; fileRef = 84E4A25927A1A5C200189EF6 /* LivestreamSection.swift */; };
		84E4A26227A1A5C200189EF6 /* LivestreamSection.swift in Sources */ = {isa = PBXBuildFile; fileRef = 84E4A25927A1A5C200189EF6 /* LivestreamSection.swift */; };
		84E4A26327A1A5C200189EF6 /* Download.swift in Sources */ = {isa = PBXBuildFile; fileRef = 84E4A25A27A1A5C200189EF6 /* Download.swift */; };
		84E4A26427A1A5C200189EF6 /* Download.swift in Sources */ = {isa = PBXBuildFile; fileRef = 84E4A25A27A1A5C200189EF6 /* Download.swift */; };
		84E4A26527A1A5C200189EF6 /* GradientModel.swift in Sources */ = {isa = PBXBuildFile; fileRef = 84E4A25B27A1A5C200189EF6 /* GradientModel.swift */; };
		84E4A26627A1A5C200189EF6 /* GradientModel.swift in Sources */ = {isa = PBXBuildFile; fileRef = 84E4A25B27A1A5C200189EF6 /* GradientModel.swift */; };
		84E4A26727A1A5C200189EF6 /* Tutorial.swift in Sources */ = {isa = PBXBuildFile; fileRef = 84E4A25C27A1A5C200189EF6 /* Tutorial.swift */; };
		84E4A26827A1A5C200189EF6 /* Tutorial.swift in Sources */ = {isa = PBXBuildFile; fileRef = 84E4A25C27A1A5C200189EF6 /* Tutorial.swift */; };
		84E4A26927A1A5C200189EF6 /* Livestream.swift in Sources */ = {isa = PBXBuildFile; fileRef = 84E4A25D27A1A5C200189EF6 /* Livestream.swift */; };
		84E4A26A27A1A5C200189EF6 /* Livestream.swift in Sources */ = {isa = PBXBuildFile; fileRef = 84E4A25D27A1A5C200189EF6 /* Livestream.swift */; };
		84E4A26B27A1A5C200189EF6 /* TutorialSection.swift in Sources */ = {isa = PBXBuildFile; fileRef = 84E4A25E27A1A5C200189EF6 /* TutorialSection.swift */; };
		84E4A26C27A1A5C200189EF6 /* TutorialSection.swift in Sources */ = {isa = PBXBuildFile; fileRef = 84E4A25E27A1A5C200189EF6 /* TutorialSection.swift */; };
		84E4A26E27A1A7E200189EF6 /* VisualEffectBlur.swift in Sources */ = {isa = PBXBuildFile; fileRef = 84E4A26D27A1A7E200189EF6 /* VisualEffectBlur.swift */; };
/* End PBXBuildFile section */

/* Begin PBXFileReference section */
		84B95B5627A43407004A72DA /* CourseSectionDetail.swift */ = {isa = PBXFileReference; lastKnownFileType = sourcecode.swift; path = CourseSectionDetail.swift; sourceTree = "<group>"; };
		84C7B72B27A250FE002B6C5E /* TabBar.swift */ = {isa = PBXFileReference; lastKnownFileType = sourcecode.swift; path = TabBar.swift; sourceTree = "<group>"; };
		84E4A21C279DBD8300189EF6 /* iOS14_multi_platformApp.swift */ = {isa = PBXFileReference; lastKnownFileType = sourcecode.swift; path = iOS14_multi_platformApp.swift; sourceTree = "<group>"; };
		84E4A21D279DBD8300189EF6 /* ContentView.swift */ = {isa = PBXFileReference; lastKnownFileType = sourcecode.swift; path = ContentView.swift; sourceTree = "<group>"; };
		84E4A21E279DBD8600189EF6 /* Assets.xcassets */ = {isa = PBXFileReference; lastKnownFileType = folder.assetcatalog; path = Assets.xcassets; sourceTree = "<group>"; };
		84E4A223279DBD8600189EF6 /* iOS14-multi-platform.app */ = {isa = PBXFileReference; explicitFileType = wrapper.application; includeInIndex = 0; path = "iOS14-multi-platform.app"; sourceTree = BUILT_PRODUCTS_DIR; };
		84E4A226279DBD8600189EF6 /* Info.plist */ = {isa = PBXFileReference; lastKnownFileType = text.plist.xml; path = Info.plist; sourceTree = "<group>"; };
		84E4A22B279DBD8600189EF6 /* iOS14-multi-platform.app */ = {isa = PBXFileReference; explicitFileType = wrapper.application; includeInIndex = 0; path = "iOS14-multi-platform.app"; sourceTree = BUILT_PRODUCTS_DIR; };
		84E4A22D279DBD8600189EF6 /* Info.plist */ = {isa = PBXFileReference; lastKnownFileType = text.plist.xml; path = Info.plist; sourceTree = "<group>"; };
		84E4A22E279DBD8600189EF6 /* macOS.entitlements */ = {isa = PBXFileReference; lastKnownFileType = text.plist.entitlements; path = macOS.entitlements; sourceTree = "<group>"; };
		84E4A23D279EE84A00189EF6 /* CourseRow.swift */ = {isa = PBXFileReference; lastKnownFileType = sourcecode.swift; path = CourseRow.swift; sourceTree = "<group>"; };
		84E4A240279EEA6500189EF6 /* CoursesView.swift */ = {isa = PBXFileReference; lastKnownFileType = sourcecode.swift; path = CoursesView.swift; sourceTree = "<group>"; };
		84E4A243279EF1C300189EF6 /* Sidebar.swift */ = {isa = PBXFileReference; lastKnownFileType = sourcecode.swift; path = Sidebar.swift; sourceTree = "<group>"; };
		84E4A24627A04D2400189EF6 /* CourseItem.swift */ = {isa = PBXFileReference; lastKnownFileType = sourcecode.swift; path = CourseItem.swift; sourceTree = "<group>"; };
		84E4A24B27A04EA900189EF6 /* CourseList.swift */ = {isa = PBXFileReference; lastKnownFileType = sourcecode.swift; path = CourseList.swift; sourceTree = "<group>"; };
		84E4A24E27A057FC00189EF6 /* Course.swift */ = {isa = PBXFileReference; lastKnownFileType = sourcecode.swift; path = Course.swift; sourceTree = "<group>"; };
		84E4A25227A1718E00189EF6 /* CloseButton.swift */ = {isa = PBXFileReference; lastKnownFileType = sourcecode.swift; path = CloseButton.swift; sourceTree = "<group>"; };
		84E4A25527A19F8500189EF6 /* CourseDetail.swift */ = {isa = PBXFileReference; lastKnownFileType = sourcecode.swift; path = CourseDetail.swift; sourceTree = "<group>"; };
		84E4A25827A1A5C200189EF6 /* CourseSection.swift */ = {isa = PBXFileReference; fileEncoding = 4; lastKnownFileType = sourcecode.swift; path = CourseSection.swift; sourceTree = "<group>"; };
		84E4A25927A1A5C200189EF6 /* LivestreamSection.swift */ = {isa = PBXFileReference; fileEncoding = 4; lastKnownFileType = sourcecode.swift; path = LivestreamSection.swift; sourceTree = "<group>"; };
		84E4A25A27A1A5C200189EF6 /* Download.swift */ = {isa = PBXFileReference; fileEncoding = 4; lastKnownFileType = sourcecode.swift; path = Download.swift; sourceTree = "<group>"; };
		84E4A25B27A1A5C200189EF6 /* GradientModel.swift */ = {isa = PBXFileReference; fileEncoding = 4; lastKnownFileType = sourcecode.swift; path = GradientModel.swift; sourceTree = "<group>"; };
		84E4A25C27A1A5C200189EF6 /* Tutorial.swift */ = {isa = PBXFileReference; fileEncoding = 4; lastKnownFileType = sourcecode.swift; path = Tutorial.swift; sourceTree = "<group>"; };
		84E4A25D27A1A5C200189EF6 /* Livestream.swift */ = {isa = PBXFileReference; fileEncoding = 4; lastKnownFileType = sourcecode.swift; path = Livestream.swift; sourceTree = "<group>"; };
		84E4A25E27A1A5C200189EF6 /* TutorialSection.swift */ = {isa = PBXFileReference; fileEncoding = 4; lastKnownFileType = sourcecode.swift; path = TutorialSection.swift; sourceTree = "<group>"; };
		84E4A26D27A1A7E200189EF6 /* VisualEffectBlur.swift */ = {isa = PBXFileReference; fileEncoding = 4; lastKnownFileType = sourcecode.swift; path = VisualEffectBlur.swift; sourceTree = "<group>"; };
		84E4FDF927A1AACD00189EF6 /* VisualEffectBlur.swift */ = {isa = PBXFileReference; lastKnownFileType = sourcecode.swift; path = VisualEffectBlur.swift; sourceTree = "<group>"; };
/* End PBXFileReference section */

/* Begin PBXFrameworksBuildPhase section */
		84E4A220279DBD8600189EF6 /* Frameworks */ = {
			isa = PBXFrameworksBuildPhase;
			buildActionMask = 2147483647;
			files = (
			);
			runOnlyForDeploymentPostprocessing = 0;
		};
		84E4A228279DBD8600189EF6 /* Frameworks */ = {
			isa = PBXFrameworksBuildPhase;
			buildActionMask = 2147483647;
			files = (
			);
			runOnlyForDeploymentPostprocessing = 0;
		};
/* End PBXFrameworksBuildPhase section */

/* Begin PBXGroup section */
		84E4A216279DBD8300189EF6 = {
			isa = PBXGroup;
			children = (
				84E4A21B279DBD8300189EF6 /* Shared */,
				84E4A225279DBD8600189EF6 /* iOS */,
				84E4A22C279DBD8600189EF6 /* macOS */,
				84E4A224279DBD8600189EF6 /* Products */,
			);
			sourceTree = "<group>";
		};
		84E4A21B279DBD8300189EF6 /* Shared */ = {
			isa = PBXGroup;
			children = (
				84E4A24927A04E1E00189EF6 /* Navigation */,
				84E4A25127A1566100189EF6 /* Model */,
				84E4A24A27A04E3500189EF6 /* Items */,
				84E4A240279EEA6500189EF6 /* CoursesView.swift */,
				84E4A25527A19F8500189EF6 /* CourseDetail.swift */,
				84B95B5627A43407004A72DA /* CourseSectionDetail.swift */,
				84E4A25227A1718E00189EF6 /* CloseButton.swift */,
				84E4A24B27A04EA900189EF6 /* CourseList.swift */,
				84E4A21C279DBD8300189EF6 /* iOS14_multi_platformApp.swift */,
				84E4A21E279DBD8600189EF6 /* Assets.xcassets */,
			);
			path = Shared;
			sourceTree = "<group>";
		};
		84E4A224279DBD8600189EF6 /* Products */ = {
			isa = PBXGroup;
			children = (
				84E4A223279DBD8600189EF6 /* iOS14-multi-platform.app */,
				84E4A22B279DBD8600189EF6 /* iOS14-multi-platform.app */,
			);
			name = Products;
			sourceTree = "<group>";
		};
		84E4A225279DBD8600189EF6 /* iOS */ = {
			isa = PBXGroup;
			children = (
				84E4A26D27A1A7E200189EF6 /* VisualEffectBlur.swift */,
				84E4A226279DBD8600189EF6 /* Info.plist */,
			);
			path = iOS;
			sourceTree = "<group>";
		};
		84E4A22C279DBD8600189EF6 /* macOS */ = {
			isa = PBXGroup;
			children = (
				84E4FDF927A1AACD00189EF6 /* VisualEffectBlur.swift */,
				84E4A22D279DBD8600189EF6 /* Info.plist */,
				84E4A22E279DBD8600189EF6 /* macOS.entitlements */,
			);
			path = macOS;
			sourceTree = "<group>";
		};
		84E4A24927A04E1E00189EF6 /* Navigation */ = {
			isa = PBXGroup;
			children = (
				84E4A243279EF1C300189EF6 /* Sidebar.swift */,
				84E4A21D279DBD8300189EF6 /* ContentView.swift */,
				84C7B72B27A250FE002B6C5E /* TabBar.swift */,
			);
			path = Navigation;
			sourceTree = "<group>";
		};
		84E4A24A27A04E3500189EF6 /* Items */ = {
			isa = PBXGroup;
			children = (
				84E4A23D279EE84A00189EF6 /* CourseRow.swift */,
				84E4A24627A04D2400189EF6 /* CourseItem.swift */,
			);
			path = Items;
			sourceTree = "<group>";
		};
		84E4A25127A1566100189EF6 /* Model */ = {
			isa = PBXGroup;
			children = (
				84E4A25827A1A5C200189EF6 /* CourseSection.swift */,
				84E4A25A27A1A5C200189EF6 /* Download.swift */,
				84E4A25B27A1A5C200189EF6 /* GradientModel.swift */,
				84E4A25D27A1A5C200189EF6 /* Livestream.swift */,
				84E4A25927A1A5C200189EF6 /* LivestreamSection.swift */,
				84E4A25C27A1A5C200189EF6 /* Tutorial.swift */,
				84E4A25E27A1A5C200189EF6 /* TutorialSection.swift */,
				84E4A24E27A057FC00189EF6 /* Course.swift */,
			);
			path = Model;
			sourceTree = "<group>";
		};
/* End PBXGroup section */

/* Begin PBXNativeTarget section */
		84E4A222279DBD8600189EF6 /* iOS14-multi-platform (iOS) */ = {
			isa = PBXNativeTarget;
			buildConfigurationList = 84E4A237279DBD8600189EF6 /* Build configuration list for PBXNativeTarget "iOS14-multi-platform (iOS)" */;
			buildPhases = (
				84E4A21F279DBD8600189EF6 /* Sources */,
				84E4A220279DBD8600189EF6 /* Frameworks */,
				84E4A221279DBD8600189EF6 /* Resources */,
			);
			buildRules = (
			);
			dependencies = (
			);
			name = "iOS14-multi-platform (iOS)";
			productName = "iOS14-multi-platform (iOS)";
			productReference = 84E4A223279DBD8600189EF6 /* iOS14-multi-platform.app */;
			productType = "com.apple.product-type.application";
		};
		84E4A22A279DBD8600189EF6 /* iOS14-multi-platform (macOS) */ = {
			isa = PBXNativeTarget;
			buildConfigurationList = 84E4A23A279DBD8600189EF6 /* Build configuration list for PBXNativeTarget "iOS14-multi-platform (macOS)" */;
			buildPhases = (
				84E4A227279DBD8600189EF6 /* Sources */,
				84E4A228279DBD8600189EF6 /* Frameworks */,
				84E4A229279DBD8600189EF6 /* Resources */,
			);
			buildRules = (
			);
			dependencies = (
			);
			name = "iOS14-multi-platform (macOS)";
			productName = "iOS14-multi-platform (macOS)";
			productReference = 84E4A22B279DBD8600189EF6 /* iOS14-multi-platform.app */;
			productType = "com.apple.product-type.application";
		};
/* End PBXNativeTarget section */

/* Begin PBXProject section */
		84E4A217279DBD8300189EF6 /* Project object */ = {
			isa = PBXProject;
			attributes = {
				LastSwiftUpdateCheck = 1250;
				LastUpgradeCheck = 1250;
				TargetAttributes = {
					84E4A222279DBD8600189EF6 = {
						CreatedOnToolsVersion = 12.5.1;
					};
					84E4A22A279DBD8600189EF6 = {
						CreatedOnToolsVersion = 12.5.1;
					};
				};
			};
			buildConfigurationList = 84E4A21A279DBD8300189EF6 /* Build configuration list for PBXProject "iOS14-multi-platform" */;
			compatibilityVersion = "Xcode 9.3";
			developmentRegion = en;
			hasScannedForEncodings = 0;
			knownRegions = (
				en,
				Base,
			);
			mainGroup = 84E4A216279DBD8300189EF6;
			productRefGroup = 84E4A224279DBD8600189EF6 /* Products */;
			projectDirPath = "";
			projectRoot = "";
			targets = (
				84E4A222279DBD8600189EF6 /* iOS14-multi-platform (iOS) */,
				84E4A22A279DBD8600189EF6 /* iOS14-multi-platform (macOS) */,
			);
		};
/* End PBXProject section */

/* Begin PBXResourcesBuildPhase section */
		84E4A221279DBD8600189EF6 /* Resources */ = {
			isa = PBXResourcesBuildPhase;
			buildActionMask = 2147483647;
			files = (
				84E4A233279DBD8600189EF6 /* Assets.xcassets in Resources */,
			);
			runOnlyForDeploymentPostprocessing = 0;
		};
		84E4A229279DBD8600189EF6 /* Resources */ = {
			isa = PBXResourcesBuildPhase;
			buildActionMask = 2147483647;
			files = (
				84E4A234279DBD8600189EF6 /* Assets.xcassets in Resources */,
			);
			runOnlyForDeploymentPostprocessing = 0;
		};
/* End PBXResourcesBuildPhase section */

/* Begin PBXSourcesBuildPhase section */
		84E4A21F279DBD8600189EF6 /* Sources */ = {
			isa = PBXSourcesBuildPhase;
			buildActionMask = 2147483647;
			files = (
				84E4A24F27A057FC00189EF6 /* Course.swift in Sources */,
				84B95B5727A43407004A72DA /* CourseSectionDetail.swift in Sources */,
				84E4A244279EF1C300189EF6 /* Sidebar.swift in Sources */,
				84C7B72C27A250FE002B6C5E /* TabBar.swift in Sources */,
				84E4A24727A04D2500189EF6 /* CourseItem.swift in Sources */,
				84E4A26527A1A5C200189EF6 /* GradientModel.swift in Sources */,
				84E4A26727A1A5C200189EF6 /* Tutorial.swift in Sources */,
				84E4A25627A19F8500189EF6 /* CourseDetail.swift in Sources */,
				84E4A25327A1718E00189EF6 /* CloseButton.swift in Sources */,
				84E4A26927A1A5C200189EF6 /* Livestream.swift in Sources */,
				84E4A231279DBD8600189EF6 /* ContentView.swift in Sources */,
				84E4A25F27A1A5C200189EF6 /* CourseSection.swift in Sources */,
				84E4A23E279EE84A00189EF6 /* CourseRow.swift in Sources */,
				84E4A22F279DBD8600189EF6 /* iOS14_multi_platformApp.swift in Sources */,
				84E4A241279EEA6500189EF6 /* CoursesView.swift in Sources */,
				84E4A24C27A04EA900189EF6 /* CourseList.swift in Sources */,
				84E4A26B27A1A5C200189EF6 /* TutorialSection.swift in Sources */,
				84E4A26E27A1A7E200189EF6 /* VisualEffectBlur.swift in Sources */,
				84E4A26127A1A5C200189EF6 /* LivestreamSection.swift in Sources */,
				84E4A26327A1A5C200189EF6 /* Download.swift in Sources */,
			);
			runOnlyForDeploymentPostprocessing = 0;
		};
		84E4A227279DBD8600189EF6 /* Sources */ = {
			isa = PBXSourcesBuildPhase;
			buildActionMask = 2147483647;
			files = (
				84E4A25027A057FC00189EF6 /* Course.swift in Sources */,
				84B95B5827A43407004A72DA /* CourseSectionDetail.swift in Sources */,
				84E4A245279EF1C300189EF6 /* Sidebar.swift in Sources */,
				84C7B72D27A250FF002B6C5E /* TabBar.swift in Sources */,
				84E4A24827A04D2500189EF6 /* CourseItem.swift in Sources */,
				84E4A26627A1A5C200189EF6 /* GradientModel.swift in Sources */,
				84E4A26827A1A5C200189EF6 /* Tutorial.swift in Sources */,
				84E4A25727A19F8500189EF6 /* CourseDetail.swift in Sources */,
				84E4A25427A1718E00189EF6 /* CloseButton.swift in Sources */,
				84E4A26A27A1A5C200189EF6 /* Livestream.swift in Sources */,
				84E4A232279DBD8600189EF6 /* ContentView.swift in Sources */,
				84E4A26027A1A5C200189EF6 /* CourseSection.swift in Sources */,
				84E4A23F279EE84A00189EF6 /* CourseRow.swift in Sources */,
				84E4A230279DBD8600189EF6 /* iOS14_multi_platformApp.swift in Sources */,
				84E4A242279EEA6500189EF6 /* CoursesView.swift in Sources */,
				84E4A24D27A04EA900189EF6 /* CourseList.swift in Sources */,
				84E4A26C27A1A5C200189EF6 /* TutorialSection.swift in Sources */,
				84C7B72A27A1ADC5002B6C5E /* VisualEffectBlur.swift in Sources */,
				84E4A26227A1A5C200189EF6 /* LivestreamSection.swift in Sources */,
				84E4A26427A1A5C200189EF6 /* Download.swift in Sources */,
			);
			runOnlyForDeploymentPostprocessing = 0;
		};
/* End PBXSourcesBuildPhase section */

/* Begin XCBuildConfiguration section */
		84E4A235279DBD8600189EF6 /* Debug */ = {
			isa = XCBuildConfiguration;
			buildSettings = {
				ALWAYS_SEARCH_USER_PATHS = NO;
				CLANG_ANALYZER_NONNULL = YES;
				CLANG_ANALYZER_NUMBER_OBJECT_CONVERSION = YES_AGGRESSIVE;
				CLANG_CXX_LANGUAGE_STANDARD = "gnu++14";
				CLANG_CXX_LIBRARY = "libc++";
				CLANG_ENABLE_MODULES = YES;
				CLANG_ENABLE_OBJC_ARC = YES;
				CLANG_ENABLE_OBJC_WEAK = YES;
				CLANG_WARN_BLOCK_CAPTURE_AUTORELEASING = YES;
				CLANG_WARN_BOOL_CONVERSION = YES;
				CLANG_WARN_COMMA = YES;
				CLANG_WARN_CONSTANT_CONVERSION = YES;
				CLANG_WARN_DEPRECATED_OBJC_IMPLEMENTATIONS = YES;
				CLANG_WARN_DIRECT_OBJC_ISA_USAGE = YES_ERROR;
				CLANG_WARN_DOCUMENTATION_COMMENTS = YES;
				CLANG_WARN_EMPTY_BODY = YES;
				CLANG_WARN_ENUM_CONVERSION = YES;
				CLANG_WARN_INFINITE_RECURSION = YES;
				CLANG_WARN_INT_CONVERSION = YES;
				CLANG_WARN_NON_LITERAL_NULL_CONVERSION = YES;
				CLANG_WARN_OBJC_IMPLICIT_RETAIN_SELF = YES;
				CLANG_WARN_OBJC_LITERAL_CONVERSION = YES;
				CLANG_WARN_OBJC_ROOT_CLASS = YES_ERROR;
				CLANG_WARN_QUOTED_INCLUDE_IN_FRAMEWORK_HEADER = YES;
				CLANG_WARN_RANGE_LOOP_ANALYSIS = YES;
				CLANG_WARN_STRICT_PROTOTYPES = YES;
				CLANG_WARN_SUSPICIOUS_MOVE = YES;
				CLANG_WARN_UNGUARDED_AVAILABILITY = YES_AGGRESSIVE;
				CLANG_WARN_UNREACHABLE_CODE = YES;
				CLANG_WARN__DUPLICATE_METHOD_MATCH = YES;
				COPY_PHASE_STRIP = NO;
				DEBUG_INFORMATION_FORMAT = dwarf;
				ENABLE_STRICT_OBJC_MSGSEND = YES;
				ENABLE_TESTABILITY = YES;
				GCC_C_LANGUAGE_STANDARD = gnu11;
				GCC_DYNAMIC_NO_PIC = NO;
				GCC_NO_COMMON_BLOCKS = YES;
				GCC_OPTIMIZATION_LEVEL = 0;
				GCC_PREPROCESSOR_DEFINITIONS = (
					"DEBUG=1",
					"$(inherited)",
				);
				GCC_WARN_64_TO_32_BIT_CONVERSION = YES;
				GCC_WARN_ABOUT_RETURN_TYPE = YES_ERROR;
				GCC_WARN_UNDECLARED_SELECTOR = YES;
				GCC_WARN_UNINITIALIZED_AUTOS = YES_AGGRESSIVE;
				GCC_WARN_UNUSED_FUNCTION = YES;
				GCC_WARN_UNUSED_VARIABLE = YES;
				MTL_ENABLE_DEBUG_INFO = INCLUDE_SOURCE;
				MTL_FAST_MATH = YES;
				ONLY_ACTIVE_ARCH = YES;
				SWIFT_ACTIVE_COMPILATION_CONDITIONS = DEBUG;
				SWIFT_OPTIMIZATION_LEVEL = "-Onone";
			};
			name = Debug;
		};
		84E4A236279DBD8600189EF6 /* Release */ = {
			isa = XCBuildConfiguration;
			buildSettings = {
				ALWAYS_SEARCH_USER_PATHS = NO;
				CLANG_ANALYZER_NONNULL = YES;
				CLANG_ANALYZER_NUMBER_OBJECT_CONVERSION = YES_AGGRESSIVE;
				CLANG_CXX_LANGUAGE_STANDARD = "gnu++14";
				CLANG_CXX_LIBRARY = "libc++";
				CLANG_ENABLE_MODULES = YES;
				CLANG_ENABLE_OBJC_ARC = YES;
				CLANG_ENABLE_OBJC_WEAK = YES;
				CLANG_WARN_BLOCK_CAPTURE_AUTORELEASING = YES;
				CLANG_WARN_BOOL_CONVERSION = YES;
				CLANG_WARN_COMMA = YES;
				CLANG_WARN_CONSTANT_CONVERSION = YES;
				CLANG_WARN_DEPRECATED_OBJC_IMPLEMENTATIONS = YES;
				CLANG_WARN_DIRECT_OBJC_ISA_USAGE = YES_ERROR;
				CLANG_WARN_DOCUMENTATION_COMMENTS = YES;
				CLANG_WARN_EMPTY_BODY = YES;
				CLANG_WARN_ENUM_CONVERSION = YES;
				CLANG_WARN_INFINITE_RECURSION = YES;
				CLANG_WARN_INT_CONVERSION = YES;
				CLANG_WARN_NON_LITERAL_NULL_CONVERSION = YES;
				CLANG_WARN_OBJC_IMPLICIT_RETAIN_SELF = YES;
				CLANG_WARN_OBJC_LITERAL_CONVERSION = YES;
				CLANG_WARN_OBJC_ROOT_CLASS = YES_ERROR;
				CLANG_WARN_QUOTED_INCLUDE_IN_FRAMEWORK_HEADER = YES;
				CLANG_WARN_RANGE_LOOP_ANALYSIS = YES;
				CLANG_WARN_STRICT_PROTOTYPES = YES;
				CLANG_WARN_SUSPICIOUS_MOVE = YES;
				CLANG_WARN_UNGUARDED_AVAILABILITY = YES_AGGRESSIVE;
				CLANG_WARN_UNREACHABLE_CODE = YES;
				CLANG_WARN__DUPLICATE_METHOD_MATCH = YES;
				COPY_PHASE_STRIP = NO;
				DEBUG_INFORMATION_FORMAT = "dwarf-with-dsym";
				ENABLE_NS_ASSERTIONS = NO;
				ENABLE_STRICT_OBJC_MSGSEND = YES;
				GCC_C_LANGUAGE_STANDARD = gnu11;
				GCC_NO_COMMON_BLOCKS = YES;
				GCC_WARN_64_TO_32_BIT_CONVERSION = YES;
				GCC_WARN_ABOUT_RETURN_TYPE = YES_ERROR;
				GCC_WARN_UNDECLARED_SELECTOR = YES;
				GCC_WARN_UNINITIALIZED_AUTOS = YES_AGGRESSIVE;
				GCC_WARN_UNUSED_FUNCTION = YES;
				GCC_WARN_UNUSED_VARIABLE = YES;
				MTL_ENABLE_DEBUG_INFO = NO;
				MTL_FAST_MATH = YES;
				SWIFT_COMPILATION_MODE = wholemodule;
				SWIFT_OPTIMIZATION_LEVEL = "-O";
			};
			name = Release;
		};
		84E4A238279DBD8600189EF6 /* Debug */ = {
			isa = XCBuildConfiguration;
			buildSettings = {
				ASSETCATALOG_COMPILER_APPICON_NAME = AppIcon;
				ASSETCATALOG_COMPILER_GLOBAL_ACCENT_COLOR_NAME = AccentColor;
				CODE_SIGN_STYLE = Automatic;
				DEVELOPMENT_TEAM = 5NV8L9334K;
				ENABLE_PREVIEWS = YES;
				INFOPLIST_FILE = iOS/Info.plist;
				IPHONEOS_DEPLOYMENT_TARGET = 14.0;
				LD_RUNPATH_SEARCH_PATHS = (
					"$(inherited)",
					"@executable_path/Frameworks",
				);
				PRODUCT_BUNDLE_IDENTIFIER = "Kamonpan.iOS14-multi-platform";
				PRODUCT_NAME = "iOS14-multi-platform";
				SDKROOT = iphoneos;
				SWIFT_VERSION = 5.0;
				TARGETED_DEVICE_FAMILY = "1,2";
			};
			name = Debug;
		};
		84E4A239279DBD8600189EF6 /* Release */ = {
			isa = XCBuildConfiguration;
			buildSettings = {
				ASSETCATALOG_COMPILER_APPICON_NAME = AppIcon;
				ASSETCATALOG_COMPILER_GLOBAL_ACCENT_COLOR_NAME = AccentColor;
				CODE_SIGN_STYLE = Automatic;
				DEVELOPMENT_TEAM = 5NV8L9334K;
				ENABLE_PREVIEWS = YES;
				INFOPLIST_FILE = iOS/Info.plist;
				IPHONEOS_DEPLOYMENT_TARGET = 14.0;
				LD_RUNPATH_SEARCH_PATHS = (
					"$(inherited)",
					"@executable_path/Frameworks",
				);
				PRODUCT_BUNDLE_IDENTIFIER = "Kamonpan.iOS14-multi-platform";
				PRODUCT_NAME = "iOS14-multi-platform";
				SDKROOT = iphoneos;
				SWIFT_VERSION = 5.0;
				TARGETED_DEVICE_FAMILY = "1,2";
				VALIDATE_PRODUCT = YES;
			};
			name = Release;
		};
		84E4A23B279DBD8600189EF6 /* Debug */ = {
			isa = XCBuildConfiguration;
			buildSettings = {
				ASSETCATALOG_COMPILER_APPICON_NAME = AppIcon;
				ASSETCATALOG_COMPILER_GLOBAL_ACCENT_COLOR_NAME = AccentColor;
				CODE_SIGN_ENTITLEMENTS = macOS/macOS.entitlements;
				CODE_SIGN_STYLE = Automatic;
				COMBINE_HIDPI_IMAGES = YES;
				DEVELOPMENT_TEAM = 5NV8L9334K;
				ENABLE_HARDENED_RUNTIME = YES;
				ENABLE_PREVIEWS = YES;
				INFOPLIST_FILE = macOS/Info.plist;
				LD_RUNPATH_SEARCH_PATHS = (
					"$(inherited)",
					"@executable_path/../Frameworks",
				);
				MACOSX_DEPLOYMENT_TARGET = 11.0;
				PRODUCT_BUNDLE_IDENTIFIER = "Kamonpan.iOS14-multi-platform";
				PRODUCT_NAME = "iOS14-multi-platform";
				SDKROOT = macosx;
				SWIFT_VERSION = 5.0;
			};
			name = Debug;
		};
		84E4A23C279DBD8600189EF6 /* Release */ = {
			isa = XCBuildConfiguration;
			buildSettings = {
				ASSETCATALOG_COMPILER_APPICON_NAME = AppIcon;
				ASSETCATALOG_COMPILER_GLOBAL_ACCENT_COLOR_NAME = AccentColor;
				CODE_SIGN_ENTITLEMENTS = macOS/macOS.entitlements;
				CODE_SIGN_STYLE = Automatic;
				COMBINE_HIDPI_IMAGES = YES;
				DEVELOPMENT_TEAM = 5NV8L9334K;
				ENABLE_HARDENED_RUNTIME = YES;
				ENABLE_PREVIEWS = YES;
				INFOPLIST_FILE = macOS/Info.plist;
				LD_RUNPATH_SEARCH_PATHS = (
					"$(inherited)",
					"@executable_path/../Frameworks",
				);
				MACOSX_DEPLOYMENT_TARGET = 11.0;
				PRODUCT_BUNDLE_IDENTIFIER = "Kamonpan.iOS14-multi-platform";
				PRODUCT_NAME = "iOS14-multi-platform";
				SDKROOT = macosx;
				SWIFT_VERSION = 5.0;
			};
			name = Release;
		};
/* End XCBuildConfiguration section */

/* Begin XCConfigurationList section */
		84E4A21A279DBD8300189EF6 /* Build configuration list for PBXProject "iOS14-multi-platform" */ = {
			isa = XCConfigurationList;
			buildConfigurations = (
				84E4A235279DBD8600189EF6 /* Debug */,
				84E4A236279DBD8600189EF6 /* Release */,
			);
			defaultConfigurationIsVisible = 0;
			defaultConfigurationName = Release;
		};
		84E4A237279DBD8600189EF6 /* Build configuration list for PBXNativeTarget "iOS14-multi-platform (iOS)" */ = {
			isa = XCConfigurationList;
			buildConfigurations = (
				84E4A238279DBD8600189EF6 /* Debug */,
				84E4A239279DBD8600189EF6 /* Release */,
			);
			defaultConfigurationIsVisible = 0;
			defaultConfigurationName = Release;
		};
		84E4A23A279DBD8600189EF6 /* Build configuration list for PBXNativeTarget "iOS14-multi-platform (macOS)" */ = {
			isa = XCConfigurationList;
			buildConfigurations = (
				84E4A23B279DBD8600189EF6 /* Debug */,
				84E4A23C279DBD8600189EF6 /* Release */,
			);
			defaultConfigurationIsVisible = 0;
			defaultConfigurationName = Release;
		};
/* End XCConfigurationList section */
	};
	rootObject = 84E4A217279DBD8300189EF6 /* Project object */;
}
